
Microsoft Visual Studio Solution File, Format Version 12.00
# Visual Studio Version 17
VisualStudioVersion = 17.0.31912.275
MinimumVisualStudioVersion = 10.0.40219.1
Project("{FAE04EC0-301F-11D3-BF4B-00C04F79EFBC}") = "Laundry_managment_system", "Laundry_managment_system.csproj", "{DDD65287-F0B3-4F72-AF18-613B7F82CB25}"
EndProject
Global
	GlobalSection(SolutionConfigurationPlatforms) = preSolution
		Debug|Any CPU = Debug|Any CPU
		Release|Any CPU = Release|Any CPU
	EndGlobalSection
	GlobalSection(ProjectConfigurationPlatforms) = postSolution
		{DDD65287-F0B3-4F72-AF18-613B7F82CB25}.Debug|Any CPU.ActiveCfg = Debug|Any CPU
		{DDD65287-F0B3-4F72-AF18-613B7F82CB25}.Debug|Any CPU.Build.0 = Debug|Any CPU
		{DDD65287-F0B3-4F72-AF18-613B7F82CB25}.Release|Any CPU.ActiveCfg = Release|Any CPU
		{DDD65287-F0B3-4F72-AF18-613B7F82CB25}.Release|Any CPU.Build.0 = Release|Any CPU
	EndGlobalSection
	GlobalSection(SolutionProperties) = preSolution
		HideSolutionNode = FALSE
	EndGlobalSection
	GlobalSection(ExtensibilityGlobals) = postSolution
		SolutionGuid = {6EC3884E-E418-4C17-BC28-118F6F2D5A91}
	EndGlobalSection
EndGlobal
