
Microsoft Visual Studio Solution File, Format Version 12.00
# Visual Studio Version 17
VisualStudioVersion = 17.0.31912.275
MinimumVisualStudioVersion = 10.0.40219.1
Project("{FAE04EC0-301F-11D3-BF4B-00C04F79EFBC}") = "CRS_dependencies", "CRS_dependencies.csproj", "{A8CE4BF0-0422-4AFB-B921-D97E53B28250}"
EndProject
Global
	GlobalSection(SolutionConfigurationPlatforms) = preSolution
		Debug|Any CPU = Debug|Any CPU
		Release|Any CPU = Release|Any CPU
	EndGlobalSection
	GlobalSection(ProjectConfigurationPlatforms) = postSolution
		{A8CE4BF0-0422-4AFB-B921-D97E53B28250}.Debug|Any CPU.ActiveCfg = Debug|Any CPU
		{A8CE4BF0-0422-4AFB-B921-D97E53B28250}.Debug|Any CPU.Build.0 = Debug|Any CPU
		{A8CE4BF0-0422-4AFB-B921-D97E53B28250}.Release|Any CPU.ActiveCfg = Release|Any CPU
		{A8CE4BF0-0422-4AFB-B921-D97E53B28250}.Release|Any CPU.Build.0 = Release|Any CPU
	EndGlobalSection
	GlobalSection(SolutionProperties) = preSolution
		HideSolutionNode = FALSE
	EndGlobalSection
	GlobalSection(ExtensibilityGlobals) = postSolution
		SolutionGuid = {C4AFFAAC-716B-465D-863B-E34115ED2543}
	EndGlobalSection
EndGlobal
